// !$*UTF8*$!
{
	archiveVersion = 1;
	classes = {
	};
	objectVersion = 56;
	objects = {

/* Begin PBXBuildFile section */
		7030644E2B8702210033E573 /* AppDelegate.swift in Sources */ = {isa = PBXBuildFile; fileRef = 7030644D2B8702210033E573 /* AppDelegate.swift */; };
		703064502B8702210033E573 /* SceneDelegate.swift in Sources */ = {isa = PBXBuildFile; fileRef = 7030644F2B8702210033E573 /* SceneDelegate.swift */; };
		703064522B8702210033E573 /* ViewController.swift in Sources */ = {isa = PBXBuildFile; fileRef = 703064512B8702210033E573 /* ViewController.swift */; };
		703064552B8702210033E573 /* Main.storyboard in Resources */ = {isa = PBXBuildFile; fileRef = 703064532B8702210033E573 /* Main.storyboard */; };
		703064572B8702230033E573 /* Assets.xcassets in Resources */ = {isa = PBXBuildFile; fileRef = 703064562B8702230033E573 /* Assets.xcassets */; };
		7030645A2B8702230033E573 /* LaunchScreen.storyboard in Resources */ = {isa = PBXBuildFile; fileRef = 703064582B8702230033E573 /* LaunchScreen.storyboard */; };
		703064652B8702230033E573 /* testAppsFlyerTests.swift in Sources */ = {isa = PBXBuildFile; fileRef = 703064642B8702230033E573 /* testAppsFlyerTests.swift */; };
		7030646F2B8702230033E573 /* testAppsFlyerUITests.swift in Sources */ = {isa = PBXBuildFile; fileRef = 7030646E2B8702230033E573 /* testAppsFlyerUITests.swift */; };
		703064712B8702230033E573 /* testAppsFlyerUITestsLaunchTests.swift in Sources */ = {isa = PBXBuildFile; fileRef = 703064702B8702230033E573 /* testAppsFlyerUITestsLaunchTests.swift */; };
		7030647F2B8704850033E573 /* AppsFlyerLib-Strict in Frameworks */ = {isa = PBXBuildFile; productRef = 7030647E2B8704850033E573 /* AppsFlyerLib-Strict */; };
		703064822B87056D0033E573 /* NotificationCenter+NotificationToken.swift in Sources */ = {isa = PBXBuildFile; fileRef = 703064812B87056D0033E573 /* NotificationCenter+NotificationToken.swift */; };
		703064842B8C63510033E573 /* afdevkey.plist in Resources */ = {isa = PBXBuildFile; fileRef = 703064832B8C63510033E573 /* afdevkey.plist */; };
		703064862B8C64B50033E573 /* Bundle+appsFlyer.swift in Sources */ = {isa = PBXBuildFile; fileRef = 703064852B8C64B50033E573 /* Bundle+appsFlyer.swift */; };
/* End PBXBuildFile section */

/* Begin PBXContainerItemProxy section */
		703064612B8702230033E573 /* PBXContainerItemProxy */ = {
			isa = PBXContainerItemProxy;
			containerPortal = 703064422B8702210033E573 /* Project object */;
			proxyType = 1;
			remoteGlobalIDString = 703064492B8702210033E573;
			remoteInfo = testAppsFlyer;
		};
		7030646B2B8702230033E573 /* PBXContainerItemProxy */ = {
			isa = PBXContainerItemProxy;
			containerPortal = 703064422B8702210033E573 /* Project object */;
			proxyType = 1;
			remoteGlobalIDString = 703064492B8702210033E573;
			remoteInfo = testAppsFlyer;
		};
/* End PBXContainerItemProxy section */

/* Begin PBXFileReference section */
		7030644A2B8702210033E573 /* testAppsFlyer.app */ = {isa = PBXFileReference; explicitFileType = wrapper.application; includeInIndex = 0; path = testAppsFlyer.app; sourceTree = BUILT_PRODUCTS_DIR; };
		7030644D2B8702210033E573 /* AppDelegate.swift */ = {isa = PBXFileReference; lastKnownFileType = sourcecode.swift; path = AppDelegate.swift; sourceTree = "<group>"; };
		7030644F2B8702210033E573 /* SceneDelegate.swift */ = {isa = PBXFileReference; lastKnownFileType = sourcecode.swift; path = SceneDelegate.swift; sourceTree = "<group>"; };
		703064512B8702210033E573 /* ViewController.swift */ = {isa = PBXFileReference; lastKnownFileType = sourcecode.swift; path = ViewController.swift; sourceTree = "<group>"; };
		703064542B8702210033E573 /* Base */ = {isa = PBXFileReference; lastKnownFileType = file.storyboard; name = Base; path = Base.lproj/Main.storyboard; sourceTree = "<group>"; };
		703064562B8702230033E573 /* Assets.xcassets */ = {isa = PBXFileReference; lastKnownFileType = folder.assetcatalog; path = Assets.xcassets; sourceTree = "<group>"; };
		703064592B8702230033E573 /* Base */ = {isa = PBXFileReference; lastKnownFileType = file.storyboard; name = Base; path = Base.lproj/LaunchScreen.storyboard; sourceTree = "<group>"; };
		7030645B2B8702230033E573 /* Info.plist */ = {isa = PBXFileReference; lastKnownFileType = text.plist.xml; path = Info.plist; sourceTree = "<group>"; };
		703064602B8702230033E573 /* testAppsFlyerTests.xctest */ = {isa = PBXFileReference; explicitFileType = wrapper.cfbundle; includeInIndex = 0; path = testAppsFlyerTests.xctest; sourceTree = BUILT_PRODUCTS_DIR; };
		703064642B8702230033E573 /* testAppsFlyerTests.swift */ = {isa = PBXFileReference; lastKnownFileType = sourcecode.swift; path = testAppsFlyerTests.swift; sourceTree = "<group>"; };
		7030646A2B8702230033E573 /* testAppsFlyerUITests.xctest */ = {isa = PBXFileReference; explicitFileType = wrapper.cfbundle; includeInIndex = 0; path = testAppsFlyerUITests.xctest; sourceTree = BUILT_PRODUCTS_DIR; };
		7030646E2B8702230033E573 /* testAppsFlyerUITests.swift */ = {isa = PBXFileReference; lastKnownFileType = sourcecode.swift; path = testAppsFlyerUITests.swift; sourceTree = "<group>"; };
		703064702B8702230033E573 /* testAppsFlyerUITestsLaunchTests.swift */ = {isa = PBXFileReference; lastKnownFileType = sourcecode.swift; path = testAppsFlyerUITestsLaunchTests.swift; sourceTree = "<group>"; };
		703064812B87056D0033E573 /* NotificationCenter+NotificationToken.swift */ = {isa = PBXFileReference; lastKnownFileType = sourcecode.swift; path = "NotificationCenter+NotificationToken.swift"; sourceTree = "<group>"; };
		703064832B8C63510033E573 /* afdevkey.plist */ = {isa = PBXFileReference; lastKnownFileType = text.plist.xml; path = afdevkey.plist; sourceTree = "<group>"; };
		703064852B8C64B50033E573 /* Bundle+appsFlyer.swift */ = {isa = PBXFileReference; lastKnownFileType = sourcecode.swift; path = "Bundle+appsFlyer.swift"; sourceTree = "<group>"; };
/* End PBXFileReference section */

/* Begin PBXFrameworksBuildPhase section */
		703064472B8702210033E573 /* Frameworks */ = {
			isa = PBXFrameworksBuildPhase;
			buildActionMask = 2147483647;
			files = (
				7030647F2B8704850033E573 /* AppsFlyerLib-Strict in Frameworks */,
			);
			runOnlyForDeploymentPostprocessing = 0;
		};
		7030645D2B8702230033E573 /* Frameworks */ = {
			isa = PBXFrameworksBuildPhase;
			buildActionMask = 2147483647;
			files = (
			);
			runOnlyForDeploymentPostprocessing = 0;
		};
		703064672B8702230033E573 /* Frameworks */ = {
			isa = PBXFrameworksBuildPhase;
			buildActionMask = 2147483647;
			files = (
			);
			runOnlyForDeploymentPostprocessing = 0;
		};
/* End PBXFrameworksBuildPhase section */

/* Begin PBXGroup section */
		703064412B8702210033E573 = {
			isa = PBXGroup;
			children = (
				7030644C2B8702210033E573 /* testAppsFlyer */,
				703064632B8702230033E573 /* testAppsFlyerTests */,
				7030646D2B8702230033E573 /* testAppsFlyerUITests */,
				7030644B2B8702210033E573 /* Products */,
			);
			sourceTree = "<group>";
		};
		7030644B2B8702210033E573 /* Products */ = {
			isa = PBXGroup;
			children = (
				7030644A2B8702210033E573 /* testAppsFlyer.app */,
				703064602B8702230033E573 /* testAppsFlyerTests.xctest */,
				7030646A2B8702230033E573 /* testAppsFlyerUITests.xctest */,
			);
			name = Products;
			sourceTree = "<group>";
		};
		7030644C2B8702210033E573 /* testAppsFlyer */ = {
			isa = PBXGroup;
			children = (
				703064802B87055F0033E573 /* Extensions */,
				7030644D2B8702210033E573 /* AppDelegate.swift */,
				7030644F2B8702210033E573 /* SceneDelegate.swift */,
				703064512B8702210033E573 /* ViewController.swift */,
				703064532B8702210033E573 /* Main.storyboard */,
				703064562B8702230033E573 /* Assets.xcassets */,
				703064582B8702230033E573 /* LaunchScreen.storyboard */,
				7030645B2B8702230033E573 /* Info.plist */,
				703064832B8C63510033E573 /* afdevkey.plist */,
			);
			path = testAppsFlyer;
			sourceTree = "<group>";
		};
		703064632B8702230033E573 /* testAppsFlyerTests */ = {
			isa = PBXGroup;
			children = (
				703064642B8702230033E573 /* testAppsFlyerTests.swift */,
			);
			path = testAppsFlyerTests;
			sourceTree = "<group>";
		};
		7030646D2B8702230033E573 /* testAppsFlyerUITests */ = {
			isa = PBXGroup;
			children = (
				7030646E2B8702230033E573 /* testAppsFlyerUITests.swift */,
				703064702B8702230033E573 /* testAppsFlyerUITestsLaunchTests.swift */,
			);
			path = testAppsFlyerUITests;
			sourceTree = "<group>";
		};
		703064802B87055F0033E573 /* Extensions */ = {
			isa = PBXGroup;
			children = (
				703064812B87056D0033E573 /* NotificationCenter+NotificationToken.swift */,
				703064852B8C64B50033E573 /* Bundle+appsFlyer.swift */,
			);
			path = Extensions;
			sourceTree = "<group>";
		};
/* End PBXGroup section */

/* Begin PBXNativeTarget section */
		703064492B8702210033E573 /* testAppsFlyer */ = {
			isa = PBXNativeTarget;
			buildConfigurationList = 703064742B8702230033E573 /* Build configuration list for PBXNativeTarget "testAppsFlyer" */;
			buildPhases = (
				703064462B8702210033E573 /* Sources */,
				703064472B8702210033E573 /* Frameworks */,
				703064482B8702210033E573 /* Resources */,
			);
			buildRules = (
			);
			dependencies = (
			);
			name = testAppsFlyer;
			packageProductDependencies = (
				7030647E2B8704850033E573 /* AppsFlyerLib-Strict */,
			);
			productName = testAppsFlyer;
			productReference = 7030644A2B8702210033E573 /* testAppsFlyer.app */;
			productType = "com.apple.product-type.application";
		};
		7030645F2B8702230033E573 /* testAppsFlyerTests */ = {
			isa = PBXNativeTarget;
			buildConfigurationList = 703064772B8702230033E573 /* Build configuration list for PBXNativeTarget "testAppsFlyerTests" */;
			buildPhases = (
				7030645C2B8702230033E573 /* Sources */,
				7030645D2B8702230033E573 /* Frameworks */,
				7030645E2B8702230033E573 /* Resources */,
			);
			buildRules = (
			);
			dependencies = (
				703064622B8702230033E573 /* PBXTargetDependency */,
			);
			name = testAppsFlyerTests;
			productName = testAppsFlyerTests;
			productReference = 703064602B8702230033E573 /* testAppsFlyerTests.xctest */;
			productType = "com.apple.product-type.bundle.unit-test";
		};
		703064692B8702230033E573 /* testAppsFlyerUITests */ = {
			isa = PBXNativeTarget;
			buildConfigurationList = 7030647A2B8702230033E573 /* Build configuration list for PBXNativeTarget "testAppsFlyerUITests" */;
			buildPhases = (
				703064662B8702230033E573 /* Sources */,
				703064672B8702230033E573 /* Frameworks */,
				703064682B8702230033E573 /* Resources */,
			);
			buildRules = (
			);
			dependencies = (
				7030646C2B8702230033E573 /* PBXTargetDependency */,
			);
			name = testAppsFlyerUITests;
			productName = testAppsFlyerUITests;
			productReference = 7030646A2B8702230033E573 /* testAppsFlyerUITests.xctest */;
			productType = "com.apple.product-type.bundle.ui-testing";
		};
/* End PBXNativeTarget section */

/* Begin PBXProject section */
		703064422B8702210033E573 /* Project object */ = {
			isa = PBXProject;
			attributes = {
				BuildIndependentTargetsInParallel = 1;
				LastSwiftUpdateCheck = 1430;
				LastUpgradeCheck = 1430;
				TargetAttributes = {
					703064492B8702210033E573 = {
						CreatedOnToolsVersion = 14.3.1;
					};
					7030645F2B8702230033E573 = {
						CreatedOnToolsVersion = 14.3.1;
						TestTargetID = 703064492B8702210033E573;
					};
					703064692B8702230033E573 = {
						CreatedOnToolsVersion = 14.3.1;
						TestTargetID = 703064492B8702210033E573;
					};
				};
			};
			buildConfigurationList = 703064452B8702210033E573 /* Build configuration list for PBXProject "testAppsFlyer" */;
			compatibilityVersion = "Xcode 14.0";
			developmentRegion = en;
			hasScannedForEncodings = 0;
			knownRegions = (
				en,
				Base,
			);
			mainGroup = 703064412B8702210033E573;
			packageReferences = (
				7030647D2B8704850033E573 /* XCRemoteSwiftPackageReference "AppsFlyerFramework-Strict" */,
			);
			productRefGroup = 7030644B2B8702210033E573 /* Products */;
			projectDirPath = "";
			projectRoot = "";
			targets = (
				703064492B8702210033E573 /* testAppsFlyer */,
				7030645F2B8702230033E573 /* testAppsFlyerTests */,
				703064692B8702230033E573 /* testAppsFlyerUITests */,
			);
		};
/* End PBXProject section */

/* Begin PBXResourcesBuildPhase section */
		703064482B8702210033E573 /* Resources */ = {
			isa = PBXResourcesBuildPhase;
			buildActionMask = 2147483647;
			files = (
				7030645A2B8702230033E573 /* LaunchScreen.storyboard in Resources */,
				703064572B8702230033E573 /* Assets.xcassets in Resources */,
				703064552B8702210033E573 /* Main.storyboard in Resources */,
				703064842B8C63510033E573 /* afdevkey.plist in Resources */,
			);
			runOnlyForDeploymentPostprocessing = 0;
		};
		7030645E2B8702230033E573 /* Resources */ = {
			isa = PBXResourcesBuildPhase;
			buildActionMask = 2147483647;
			files = (
			);
			runOnlyForDeploymentPostprocessing = 0;
		};
		703064682B8702230033E573 /* Resources */ = {
			isa = PBXResourcesBuildPhase;
			buildActionMask = 2147483647;
			files = (
			);
			runOnlyForDeploymentPostprocessing = 0;
		};
/* End PBXResourcesBuildPhase section */

/* Begin PBXSourcesBuildPhase section */
		703064462B8702210033E573 /* Sources */ = {
			isa = PBXSourcesBuildPhase;
			buildActionMask = 2147483647;
			files = (
				703064862B8C64B50033E573 /* Bundle+appsFlyer.swift in Sources */,
				703064822B87056D0033E573 /* NotificationCenter+NotificationToken.swift in Sources */,
				703064522B8702210033E573 /* ViewController.swift in Sources */,
				7030644E2B8702210033E573 /* AppDelegate.swift in Sources */,
				703064502B8702210033E573 /* SceneDelegate.swift in Sources */,
			);
			runOnlyForDeploymentPostprocessing = 0;
		};
		7030645C2B8702230033E573 /* Sources */ = {
			isa = PBXSourcesBuildPhase;
			buildActionMask = 2147483647;
			files = (
				703064652B8702230033E573 /* testAppsFlyerTests.swift in Sources */,
			);
			runOnlyForDeploymentPostprocessing = 0;
		};
		703064662B8702230033E573 /* Sources */ = {
			isa = PBXSourcesBuildPhase;
			buildActionMask = 2147483647;
			files = (
				7030646F2B8702230033E573 /* testAppsFlyerUITests.swift in Sources */,
				703064712B8702230033E573 /* testAppsFlyerUITestsLaunchTests.swift in Sources */,
			);
			runOnlyForDeploymentPostprocessing = 0;
		};
/* End PBXSourcesBuildPhase section */

/* Begin PBXTargetDependency section */
		703064622B8702230033E573 /* PBXTargetDependency */ = {
			isa = PBXTargetDependency;
			target = 703064492B8702210033E573 /* testAppsFlyer */;
			targetProxy = 703064612B8702230033E573 /* PBXContainerItemProxy */;
		};
		7030646C2B8702230033E573 /* PBXTargetDependency */ = {
			isa = PBXTargetDependency;
			target = 703064492B8702210033E573 /* testAppsFlyer */;
			targetProxy = 7030646B2B8702230033E573 /* PBXContainerItemProxy */;
		};
/* End PBXTargetDependency section */

/* Begin PBXVariantGroup section */
		703064532B8702210033E573 /* Main.storyboard */ = {
			isa = PBXVariantGroup;
			children = (
				703064542B8702210033E573 /* Base */,
			);
			name = Main.storyboard;
			sourceTree = "<group>";
		};
		703064582B8702230033E573 /* LaunchScreen.storyboard */ = {
			isa = PBXVariantGroup;
			children = (
				703064592B8702230033E573 /* Base */,
			);
			name = LaunchScreen.storyboard;
			sourceTree = "<group>";
		};
/* End PBXVariantGroup section */

/* Begin XCBuildConfiguration section */
		703064722B8702230033E573 /* Debug */ = {
			isa = XCBuildConfiguration;
			buildSettings = {
				ALWAYS_SEARCH_USER_PATHS = NO;
				CLANG_ANALYZER_NONNULL = YES;
				CLANG_ANALYZER_NUMBER_OBJECT_CONVERSION = YES_AGGRESSIVE;
				CLANG_CXX_LANGUAGE_STANDARD = "gnu++20";
				CLANG_ENABLE_MODULES = YES;
				CLANG_ENABLE_OBJC_ARC = YES;
				CLANG_ENABLE_OBJC_WEAK = YES;
				CLANG_WARN_BLOCK_CAPTURE_AUTORELEASING = YES;
				CLANG_WARN_BOOL_CONVERSION = YES;
				CLANG_WARN_COMMA = YES;
				CLANG_WARN_CONSTANT_CONVERSION = YES;
				CLANG_WARN_DEPRECATED_OBJC_IMPLEMENTATIONS = YES;
				CLANG_WARN_DIRECT_OBJC_ISA_USAGE = YES_ERROR;
				CLANG_WARN_DOCUMENTATION_COMMENTS = YES;
				CLANG_WARN_EMPTY_BODY = YES;
				CLANG_WARN_ENUM_CONVERSION = YES;
				CLANG_WARN_INFINITE_RECURSION = YES;
				CLANG_WARN_INT_CONVERSION = YES;
				CLANG_WARN_NON_LITERAL_NULL_CONVERSION = YES;
				CLANG_WARN_OBJC_IMPLICIT_RETAIN_SELF = YES;
				CLANG_WARN_OBJC_LITERAL_CONVERSION = YES;
				CLANG_WARN_OBJC_ROOT_CLASS = YES_ERROR;
				CLANG_WARN_QUOTED_INCLUDE_IN_FRAMEWORK_HEADER = YES;
				CLANG_WARN_RANGE_LOOP_ANALYSIS = YES;
				CLANG_WARN_STRICT_PROTOTYPES = YES;
				CLANG_WARN_SUSPICIOUS_MOVE = YES;
				CLANG_WARN_UNGUARDED_AVAILABILITY = YES_AGGRESSIVE;
				CLANG_WARN_UNREACHABLE_CODE = YES;
				CLANG_WARN__DUPLICATE_METHOD_MATCH = YES;
				COPY_PHASE_STRIP = NO;
				DEBUG_INFORMATION_FORMAT = dwarf;
				ENABLE_STRICT_OBJC_MSGSEND = YES;
				ENABLE_TESTABILITY = YES;
				GCC_C_LANGUAGE_STANDARD = gnu11;
				GCC_DYNAMIC_NO_PIC = NO;
				GCC_NO_COMMON_BLOCKS = YES;
				GCC_OPTIMIZATION_LEVEL = 0;
				GCC_PREPROCESSOR_DEFINITIONS = (
					"DEBUG=1",
					"$(inherited)",
				);
				GCC_WARN_64_TO_32_BIT_CONVERSION = YES;
				GCC_WARN_ABOUT_RETURN_TYPE = YES_ERROR;
				GCC_WARN_UNDECLARED_SELECTOR = YES;
				GCC_WARN_UNINITIALIZED_AUTOS = YES_AGGRESSIVE;
				GCC_WARN_UNUSED_FUNCTION = YES;
				GCC_WARN_UNUSED_VARIABLE = YES;
				IPHONEOS_DEPLOYMENT_TARGET = 16.4;
				MTL_ENABLE_DEBUG_INFO = INCLUDE_SOURCE;
				MTL_FAST_MATH = YES;
				ONLY_ACTIVE_ARCH = YES;
				SDKROOT = iphoneos;
				SWIFT_ACTIVE_COMPILATION_CONDITIONS = DEBUG;
				SWIFT_OPTIMIZATION_LEVEL = "-Onone";
			};
			name = Debug;
		};
		703064732B8702230033E573 /* Release */ = {
			isa = XCBuildConfiguration;
			buildSettings = {
				ALWAYS_SEARCH_USER_PATHS = NO;
				CLANG_ANALYZER_NONNULL = YES;
				CLANG_ANALYZER_NUMBER_OBJECT_CONVERSION = YES_AGGRESSIVE;
				CLANG_CXX_LANGUAGE_STANDARD = "gnu++20";
				CLANG_ENABLE_MODULES = YES;
				CLANG_ENABLE_OBJC_ARC = YES;
				CLANG_ENABLE_OBJC_WEAK = YES;
				CLANG_WARN_BLOCK_CAPTURE_AUTORELEASING = YES;
				CLANG_WARN_BOOL_CONVERSION = YES;
				CLANG_WARN_COMMA = YES;
				CLANG_WARN_CONSTANT_CONVERSION = YES;
				CLANG_WARN_DEPRECATED_OBJC_IMPLEMENTATIONS = YES;
				CLANG_WARN_DIRECT_OBJC_ISA_USAGE = YES_ERROR;
				CLANG_WARN_DOCUMENTATION_COMMENTS = YES;
				CLANG_WARN_EMPTY_BODY = YES;
				CLANG_WARN_ENUM_CONVERSION = YES;
				CLANG_WARN_INFINITE_RECURSION = YES;
				CLANG_WARN_INT_CONVERSION = YES;
				CLANG_WARN_NON_LITERAL_NULL_CONVERSION = YES;
				CLANG_WARN_OBJC_IMPLICIT_RETAIN_SELF = YES;
				CLANG_WARN_OBJC_LITERAL_CONVERSION = YES;
				CLANG_WARN_OBJC_ROOT_CLASS = YES_ERROR;
				CLANG_WARN_QUOTED_INCLUDE_IN_FRAMEWORK_HEADER = YES;
				CLANG_WARN_RANGE_LOOP_ANALYSIS = YES;
				CLANG_WARN_STRICT_PROTOTYPES = YES;
				CLANG_WARN_SUSPICIOUS_MOVE = YES;
				CLANG_WARN_UNGUARDED_AVAILABILITY = YES_AGGRESSIVE;
				CLANG_WARN_UNREACHABLE_CODE = YES;
				CLANG_WARN__DUPLICATE_METHOD_MATCH = YES;
				COPY_PHASE_STRIP = NO;
				DEBUG_INFORMATION_FORMAT = "dwarf-with-dsym";
				ENABLE_NS_ASSERTIONS = NO;
				ENABLE_STRICT_OBJC_MSGSEND = YES;
				GCC_C_LANGUAGE_STANDARD = gnu11;
				GCC_NO_COMMON_BLOCKS = YES;
				GCC_WARN_64_TO_32_BIT_CONVERSION = YES;
				GCC_WARN_ABOUT_RETURN_TYPE = YES_ERROR;
				GCC_WARN_UNDECLARED_SELECTOR = YES;
				GCC_WARN_UNINITIALIZED_AUTOS = YES_AGGRESSIVE;
				GCC_WARN_UNUSED_FUNCTION = YES;
				GCC_WARN_UNUSED_VARIABLE = YES;
				IPHONEOS_DEPLOYMENT_TARGET = 16.4;
				MTL_ENABLE_DEBUG_INFO = NO;
				MTL_FAST_MATH = YES;
				SDKROOT = iphoneos;
				SWIFT_COMPILATION_MODE = wholemodule;
				SWIFT_OPTIMIZATION_LEVEL = "-O";
				VALIDATE_PRODUCT = YES;
			};
			name = Release;
		};
		703064752B8702230033E573 /* Debug */ = {
			isa = XCBuildConfiguration;
			buildSettings = {
				ASSETCATALOG_COMPILER_APPICON_NAME = AppIcon;
				ASSETCATALOG_COMPILER_GLOBAL_ACCENT_COLOR_NAME = AccentColor;
				CODE_SIGN_STYLE = Automatic;
				CURRENT_PROJECT_VERSION = 1;
				GENERATE_INFOPLIST_FILE = YES;
				INFOPLIST_FILE = testAppsFlyer/Info.plist;
				INFOPLIST_KEY_UIApplicationSupportsIndirectInputEvents = YES;
				INFOPLIST_KEY_UILaunchStoryboardName = LaunchScreen;
				INFOPLIST_KEY_UIMainStoryboardFile = Main;
				INFOPLIST_KEY_UISupportedInterfaceOrientations_iPad = "UIInterfaceOrientationPortrait UIInterfaceOrientationPortraitUpsideDown UIInterfaceOrientationLandscapeLeft UIInterfaceOrientationLandscapeRight";
				INFOPLIST_KEY_UISupportedInterfaceOrientations_iPhone = "UIInterfaceOrientationPortrait UIInterfaceOrientationLandscapeLeft UIInterfaceOrientationLandscapeRight";
				IPHONEOS_DEPLOYMENT_TARGET = 14.0;
				LD_RUNPATH_SEARCH_PATHS = (
					"$(inherited)",
					"@executable_path/Frameworks",
				);
				MARKETING_VERSION = 1.0;
				PRODUCT_BUNDLE_IDENTIFIER = com.magnit.testAppsFlyer;
				PRODUCT_NAME = "$(TARGET_NAME)";
				SWIFT_EMIT_LOC_STRINGS = YES;
				SWIFT_VERSION = 5.0;
				TARGETED_DEVICE_FAMILY = "1,2";
			};
			name = Debug;
		};
		703064762B8702230033E573 /* Release */ = {
			isa = XCBuildConfiguration;
			buildSettings = {
				ASSETCATALOG_COMPILER_APPICON_NAME = AppIcon;
				ASSETCATALOG_COMPILER_GLOBAL_ACCENT_COLOR_NAME = AccentColor;
				CODE_SIGN_STYLE = Automatic;
				CURRENT_PROJECT_VERSION = 1;
				GENERATE_INFOPLIST_FILE = YES;
				INFOPLIST_FILE = testAppsFlyer/Info.plist;
				INFOPLIST_KEY_UIApplicationSupportsIndirectInputEvents = YES;
				INFOPLIST_KEY_UILaunchStoryboardName = LaunchScreen;
				INFOPLIST_KEY_UIMainStoryboardFile = Main;
				INFOPLIST_KEY_UISupportedInterfaceOrientations_iPad = "UIInterfaceOrientationPortrait UIInterfaceOrientationPortraitUpsideDown UIInterfaceOrientationLandscapeLeft UIInterfaceOrientationLandscapeRight";
				INFOPLIST_KEY_UISupportedInterfaceOrientations_iPhone = "UIInterfaceOrientationPortrait UIInterfaceOrientationLandscapeLeft UIInterfaceOrientationLandscapeRight";
				IPHONEOS_DEPLOYMENT_TARGET = 14.0;
				LD_RUNPATH_SEARCH_PATHS = (
					"$(inherited)",
					"@executable_path/Frameworks",
				);
				MARKETING_VERSION = 1.0;
				PRODUCT_BUNDLE_IDENTIFIER = com.magnit.testAppsFlyer;
				PRODUCT_NAME = "$(TARGET_NAME)";
				SWIFT_EMIT_LOC_STRINGS = YES;
				SWIFT_VERSION = 5.0;
				TARGETED_DEVICE_FAMILY = "1,2";
			};
			name = Release;
		};
		703064782B8702230033E573 /* Debug */ = {
			isa = XCBuildConfiguration;
			buildSettings = {
				ALWAYS_EMBED_SWIFT_STANDARD_LIBRARIES = YES;
				BUNDLE_LOADER = "$(TEST_HOST)";
				CODE_SIGN_STYLE = Automatic;
				CURRENT_PROJECT_VERSION = 1;
				GENERATE_INFOPLIST_FILE = YES;
				IPHONEOS_DEPLOYMENT_TARGET = 16.4;
				MARKETING_VERSION = 1.0;
				PRODUCT_BUNDLE_IDENTIFIER = com.magnit.testAppsFlyerTests;
				PRODUCT_NAME = "$(TARGET_NAME)";
				SWIFT_EMIT_LOC_STRINGS = NO;
				SWIFT_VERSION = 5.0;
				TARGETED_DEVICE_FAMILY = "1,2";
				TEST_HOST = "$(BUILT_PRODUCTS_DIR)/testAppsFlyer.app/$(BUNDLE_EXECUTABLE_FOLDER_PATH)/testAppsFlyer";
			};
			name = Debug;
		};
		703064792B8702230033E573 /* Release */ = {
			isa = XCBuildConfiguration;
			buildSettings = {
				ALWAYS_EMBED_SWIFT_STANDARD_LIBRARIES = YES;
				BUNDLE_LOADER = "$(TEST_HOST)";
				CODE_SIGN_STYLE = Automatic;
				CURRENT_PROJECT_VERSION = 1;
				GENERATE_INFOPLIST_FILE = YES;
				IPHONEOS_DEPLOYMENT_TARGET = 16.4;
				MARKETING_VERSION = 1.0;
				PRODUCT_BUNDLE_IDENTIFIER = com.magnit.testAppsFlyerTests;
				PRODUCT_NAME = "$(TARGET_NAME)";
				SWIFT_EMIT_LOC_STRINGS = NO;
				SWIFT_VERSION = 5.0;
				TARGETED_DEVICE_FAMILY = "1,2";
				TEST_HOST = "$(BUILT_PRODUCTS_DIR)/testAppsFlyer.app/$(BUNDLE_EXECUTABLE_FOLDER_PATH)/testAppsFlyer";
			};
			name = Release;
		};
		7030647B2B8702230033E573 /* Debug */ = {
			isa = XCBuildConfiguration;
			buildSettings = {
				ALWAYS_EMBED_SWIFT_STANDARD_LIBRARIES = YES;
				CODE_SIGN_STYLE = Automatic;
				CURRENT_PROJECT_VERSION = 1;
				GENERATE_INFOPLIST_FILE = YES;
				MARKETING_VERSION = 1.0;
				PRODUCT_BUNDLE_IDENTIFIER = com.magnit.testAppsFlyerUITests;
				PRODUCT_NAME = "$(TARGET_NAME)";
				SWIFT_EMIT_LOC_STRINGS = NO;
				SWIFT_VERSION = 5.0;
				TARGETED_DEVICE_FAMILY = "1,2";
				TEST_TARGET_NAME = testAppsFlyer;
			};
			name = Debug;
		};
		7030647C2B8702230033E573 /* Release */ = {
			isa = XCBuildConfiguration;
			buildSettings = {
				ALWAYS_EMBED_SWIFT_STANDARD_LIBRARIES = YES;
				CODE_SIGN_STYLE = Automatic;
				CURRENT_PROJECT_VERSION = 1;
				GENERATE_INFOPLIST_FILE = YES;
				MARKETING_VERSION = 1.0;
				PRODUCT_BUNDLE_IDENTIFIER = com.magnit.testAppsFlyerUITests;
				PRODUCT_NAME = "$(TARGET_NAME)";
				SWIFT_EMIT_LOC_STRINGS = NO;
				SWIFT_VERSION = 5.0;
				TARGETED_DEVICE_FAMILY = "1,2";
				TEST_TARGET_NAME = testAppsFlyer;
			};
			name = Release;
		};
/* End XCBuildConfiguration section */

/* Begin XCConfigurationList section */
		703064452B8702210033E573 /* Build configuration list for PBXProject "testAppsFlyer" */ = {
			isa = XCConfigurationList;
			buildConfigurations = (
				703064722B8702230033E573 /* Debug */,
				703064732B8702230033E573 /* Release */,
			);
			defaultConfigurationIsVisible = 0;
			defaultConfigurationName = Release;
		};
		703064742B8702230033E573 /* Build configuration list for PBXNativeTarget "testAppsFlyer" */ = {
			isa = XCConfigurationList;
			buildConfigurations = (
				703064752B8702230033E573 /* Debug */,
				703064762B8702230033E573 /* Release */,
			);
			defaultConfigurationIsVisible = 0;
			defaultConfigurationName = Release;
		};
		703064772B8702230033E573 /* Build configuration list for PBXNativeTarget "testAppsFlyerTests" */ = {
			isa = XCConfigurationList;
			buildConfigurations = (
				703064782B8702230033E573 /* Debug */,
				703064792B8702230033E573 /* Release */,
			);
			defaultConfigurationIsVisible = 0;
			defaultConfigurationName = Release;
		};
		7030647A2B8702230033E573 /* Build configuration list for PBXNativeTarget "testAppsFlyerUITests" */ = {
			isa = XCConfigurationList;
			buildConfigurations = (
				7030647B2B8702230033E573 /* Debug */,
				7030647C2B8702230033E573 /* Release */,
			);
			defaultConfigurationIsVisible = 0;
			defaultConfigurationName = Release;
		};
/* End XCConfigurationList section */

/* Begin XCRemoteSwiftPackageReference section */
		7030647D2B8704850033E573 /* XCRemoteSwiftPackageReference "AppsFlyerFramework-Strict" */ = {
			isa = XCRemoteSwiftPackageReference;
			repositoryURL = "https://github.com/AppsFlyerSDK/AppsFlyerFramework-Strict/";
			requirement = {
				kind = upToNextMajorVersion;
				minimumVersion = 6.0.0;
			};
		};
/* End XCRemoteSwiftPackageReference section */

/* Begin XCSwiftPackageProductDependency section */
		7030647E2B8704850033E573 /* AppsFlyerLib-Strict */ = {
			isa = XCSwiftPackageProductDependency;
			package = 7030647D2B8704850033E573 /* XCRemoteSwiftPackageReference "AppsFlyerFramework-Strict" */;
			productName = "AppsFlyerLib-Strict";
		};
/* End XCSwiftPackageProductDependency section */
	};
	rootObject = 703064422B8702210033E573 /* Project object */;
}
